
Microsoft Visual Studio Solution File, Format Version 12.00
# Visual Studio Version 17
VisualStudioVersion = 17.3.32929.385
MinimumVisualStudioVersion = 10.0.40219.1
Project("{9A19103F-16F7-4668-BE54-9A1E7A4F7556}") = "CustomersPortal.UnitTests", "CustomersPortal.UnitTests\CustomersPortal.UnitTests.csproj", "{F7ABE3FE-FA5A-4661-AE67-5937358F0B10}"
EndProject
Project("{9A19103F-16F7-4668-BE54-9A1E7A4F7556}") = "CustomersPortal", "CustomerPortal.Api\CustomersPortal.csproj", "{18F00B53-C1B3-4227-A2E7-6C49DDF71B76}"
EndProject
Global
	GlobalSection(SolutionConfigurationPlatforms) = preSolution
		Debug|Any CPU = Debug|Any CPU
		Release|Any CPU = Release|Any CPU
	EndGlobalSection
	GlobalSection(ProjectConfigurationPlatforms) = postSolution
		{F7ABE3FE-FA5A-4661-AE67-5937358F0B10}.Debug|Any CPU.ActiveCfg = Debug|Any CPU
		{F7ABE3FE-FA5A-4661-AE67-5937358F0B10}.Debug|Any CPU.Build.0 = Debug|Any CPU
		{F7ABE3FE-FA5A-4661-AE67-5937358F0B10}.Release|Any CPU.ActiveCfg = Release|Any CPU
		{F7ABE3FE-FA5A-4661-AE67-5937358F0B10}.Release|Any CPU.Build.0 = Release|Any CPU
		{18F00B53-C1B3-4227-A2E7-6C49DDF71B76}.Debug|Any CPU.ActiveCfg = Debug|Any CPU
		{18F00B53-C1B3-4227-A2E7-6C49DDF71B76}.Debug|Any CPU.Build.0 = Debug|Any CPU
		{18F00B53-C1B3-4227-A2E7-6C49DDF71B76}.Release|Any CPU.ActiveCfg = Release|Any CPU
		{18F00B53-C1B3-4227-A2E7-6C49DDF71B76}.Release|Any CPU.Build.0 = Release|Any CPU
	EndGlobalSection
	GlobalSection(SolutionProperties) = preSolution
		HideSolutionNode = FALSE
	EndGlobalSection
	GlobalSection(ExtensibilityGlobals) = postSolution
		SolutionGuid = {2C7BA1D5-CEFA-4E2E-A486-D32EE7746CFB}
	EndGlobalSection
EndGlobal
